// !$*UTF8*$!
{
	archiveVersion = 1;
	classes = {
	};
	objectVersion = 46;
	objects = {

/* Begin PBXBuildFile section */
		042563A61E73965100FC18C4 /* main.m in Sources */ = {isa = PBXBuildFile; fileRef = 042563A51E73965100FC18C4 /* main.m */; };
		042563A91E73965100FC18C4 /* AppDelegate.m in Sources */ = {isa = PBXBuildFile; fileRef = 042563A81E73965100FC18C4 /* AppDelegate.m */; };
		042563B11E73965100FC18C4 /* Assets.xcassets in Resources */ = {isa = PBXBuildFile; fileRef = 042563B01E73965100FC18C4 /* Assets.xcassets */; };
		042563B41E73965100FC18C4 /* LaunchScreen.storyboard in Resources */ = {isa = PBXBuildFile; fileRef = 042563B21E73965100FC18C4 /* LaunchScreen.storyboard */; };
		044FFAB71E77F57200856635 /* UYUWebViewController.m in Sources */ = {isa = PBXBuildFile; fileRef = 044FFAA51E77F57200856635 /* UYUWebViewController.m */; };
		044FFABA1E77F5E300856635 /* UYUTabBarController.m in Sources */ = {isa = PBXBuildFile; fileRef = 044FFAB91E77F5E300856635 /* UYUTabBarController.m */; };
		04C3ABE81E7B8B8B00EFA752 /* UYUColor.m in Sources */ = {isa = PBXBuildFile; fileRef = 04C3ABE71E7B8B8B00EFA752 /* UYUColor.m */; };
		04C3ABF81E7B8D6000EFA752 /* UIView+YSKit.m in Sources */ = {isa = PBXBuildFile; fileRef = 04C3ABF71E7B8D6000EFA752 /* UIView+YSKit.m */; };
		04C3AC031E7BB88400EFA752 /* WebViewJavascriptBridge.m in Sources */ = {isa = PBXBuildFile; fileRef = 04C3ABFC1E7BB88400EFA752 /* WebViewJavascriptBridge.m */; };
		04C3AC041E7BB88400EFA752 /* WebViewJavascriptBridge_JS.m in Sources */ = {isa = PBXBuildFile; fileRef = 04C3ABFE1E7BB88400EFA752 /* WebViewJavascriptBridge_JS.m */; };
		04C3AC051E7BB88400EFA752 /* WebViewJavascriptBridgeBase.m in Sources */ = {isa = PBXBuildFile; fileRef = 04C3AC001E7BB88400EFA752 /* WebViewJavascriptBridgeBase.m */; };
		04C3AC061E7BB88400EFA752 /* WKWebViewJavascriptBridge.m in Sources */ = {isa = PBXBuildFile; fileRef = 04C3AC021E7BB88400EFA752 /* WKWebViewJavascriptBridge.m */; };
		04C3AC0A1E7CCE5A00EFA752 /* JavaScriptCore.framework in Frameworks */ = {isa = PBXBuildFile; fileRef = 04C3AC091E7CCE5A00EFA752 /* JavaScriptCore.framework */; };
		04D0DE951E94D2A2006CFE08 /* NSString+Tools.m in Sources */ = {isa = PBXBuildFile; fileRef = 04D0DE941E94D2A2006CFE08 /* NSString+Tools.m */; };
		04E8574B1E7931780066A054 /* UYULoginViewController.m in Sources */ = {isa = PBXBuildFile; fileRef = 04E8574A1E7931780066A054 /* UYULoginViewController.m */; };
		E5F7BC7D8A5BBDD31D791BC8 /* libPods-UYUClient.a in Frameworks */ = {isa = PBXBuildFile; fileRef = E2E3841BAD54C31498604C2C /* libPods-UYUClient.a */; };
/* End PBXBuildFile section */

/* Begin PBXFileReference section */
		040EA22C1E8E4F4000979995 /* UYUWebDefine.h */ = {isa = PBXFileReference; lastKnownFileType = sourcecode.c.h; path = UYUWebDefine.h; sourceTree = "<group>"; };
		042563A11E73965100FC18C4 /* UYUClient.app */ = {isa = PBXFileReference; explicitFileType = wrapper.application; includeInIndex = 0; path = UYUClient.app; sourceTree = BUILT_PRODUCTS_DIR; };
		042563A51E73965100FC18C4 /* main.m */ = {isa = PBXFileReference; lastKnownFileType = sourcecode.c.objc; path = main.m; sourceTree = "<group>"; };
		042563A71E73965100FC18C4 /* AppDelegate.h */ = {isa = PBXFileReference; lastKnownFileType = sourcecode.c.h; path = AppDelegate.h; sourceTree = "<group>"; };
		042563A81E73965100FC18C4 /* AppDelegate.m */ = {isa = PBXFileReference; lastKnownFileType = sourcecode.c.objc; path = AppDelegate.m; sourceTree = "<group>"; };
		042563B01E73965100FC18C4 /* Assets.xcassets */ = {isa = PBXFileReference; lastKnownFileType = folder.assetcatalog; path = Assets.xcassets; sourceTree = "<group>"; };
		042563B31E73965100FC18C4 /* Base */ = {isa = PBXFileReference; lastKnownFileType = file.storyboard; name = Base; path = Base.lproj/LaunchScreen.storyboard; sourceTree = "<group>"; };
		042563B51E73965100FC18C4 /* Info.plist */ = {isa = PBXFileReference; lastKnownFileType = text.plist.xml; path = Info.plist; sourceTree = "<group>"; };
		044FFA4F1E77D47A00856635 /* AppConfig.h */ = {isa = PBXFileReference; lastKnownFileType = sourcecode.c.h; path = AppConfig.h; sourceTree = "<group>"; };
		044FFAA41E77F57200856635 /* UYUWebViewController.h */ = {isa = PBXFileReference; fileEncoding = 4; lastKnownFileType = sourcecode.c.h; path = UYUWebViewController.h; sourceTree = "<group>"; };
		044FFAA51E77F57200856635 /* UYUWebViewController.m */ = {isa = PBXFileReference; fileEncoding = 4; lastKnownFileType = sourcecode.c.objc; path = UYUWebViewController.m; sourceTree = "<group>"; };
		044FFAB81E77F5E300856635 /* UYUTabBarController.h */ = {isa = PBXFileReference; fileEncoding = 4; lastKnownFileType = sourcecode.c.h; path = UYUTabBarController.h; sourceTree = "<group>"; };
		044FFAB91E77F5E300856635 /* UYUTabBarController.m */ = {isa = PBXFileReference; fileEncoding = 4; lastKnownFileType = sourcecode.c.objc; path = UYUTabBarController.m; sourceTree = "<group>"; };
		04C3ABE41E7B8AFC00EFA752 /* Macro.h */ = {isa = PBXFileReference; fileEncoding = 4; lastKnownFileType = sourcecode.c.h; path = Macro.h; sourceTree = "<group>"; };
		04C3ABE61E7B8B8B00EFA752 /* UYUColor.h */ = {isa = PBXFileReference; fileEncoding = 4; lastKnownFileType = sourcecode.c.h; path = UYUColor.h; sourceTree = "<group>"; };
		04C3ABE71E7B8B8B00EFA752 /* UYUColor.m */ = {isa = PBXFileReference; fileEncoding = 4; lastKnownFileType = sourcecode.c.objc; path = UYUColor.m; sourceTree = "<group>"; };
		04C3ABF61E7B8D6000EFA752 /* UIView+YSKit.h */ = {isa = PBXFileReference; fileEncoding = 4; lastKnownFileType = sourcecode.c.h; path = "UIView+YSKit.h"; sourceTree = "<group>"; };
		04C3ABF71E7B8D6000EFA752 /* UIView+YSKit.m */ = {isa = PBXFileReference; fileEncoding = 4; lastKnownFileType = sourcecode.c.objc; path = "UIView+YSKit.m"; sourceTree = "<group>"; };
		04C3ABF91E7B8EE400EFA752 /* UYUPrefixHeader.pch */ = {isa = PBXFileReference; lastKnownFileType = sourcecode.c.h; path = UYUPrefixHeader.pch; sourceTree = "<group>"; };
		04C3ABFB1E7BB88400EFA752 /* WebViewJavascriptBridge.h */ = {isa = PBXFileReference; fileEncoding = 4; lastKnownFileType = sourcecode.c.h; path = WebViewJavascriptBridge.h; sourceTree = "<group>"; };
		04C3ABFC1E7BB88400EFA752 /* WebViewJavascriptBridge.m */ = {isa = PBXFileReference; fileEncoding = 4; lastKnownFileType = sourcecode.c.objc; path = WebViewJavascriptBridge.m; sourceTree = "<group>"; };
		04C3ABFD1E7BB88400EFA752 /* WebViewJavascriptBridge_JS.h */ = {isa = PBXFileReference; fileEncoding = 4; lastKnownFileType = sourcecode.c.h; path = WebViewJavascriptBridge_JS.h; sourceTree = "<group>"; };
		04C3ABFE1E7BB88400EFA752 /* WebViewJavascriptBridge_JS.m */ = {isa = PBXFileReference; fileEncoding = 4; lastKnownFileType = sourcecode.c.objc; path = WebViewJavascriptBridge_JS.m; sourceTree = "<group>"; };
		04C3ABFF1E7BB88400EFA752 /* WebViewJavascriptBridgeBase.h */ = {isa = PBXFileReference; fileEncoding = 4; lastKnownFileType = sourcecode.c.h; path = WebViewJavascriptBridgeBase.h; sourceTree = "<group>"; };
		04C3AC001E7BB88400EFA752 /* WebViewJavascriptBridgeBase.m */ = {isa = PBXFileReference; fileEncoding = 4; lastKnownFileType = sourcecode.c.objc; path = WebViewJavascriptBridgeBase.m; sourceTree = "<group>"; };
		04C3AC011E7BB88400EFA752 /* WKWebViewJavascriptBridge.h */ = {isa = PBXFileReference; fileEncoding = 4; lastKnownFileType = sourcecode.c.h; path = WKWebViewJavascriptBridge.h; sourceTree = "<group>"; };
		04C3AC021E7BB88400EFA752 /* WKWebViewJavascriptBridge.m */ = {isa = PBXFileReference; fileEncoding = 4; lastKnownFileType = sourcecode.c.objc; path = WKWebViewJavascriptBridge.m; sourceTree = "<group>"; };
		04C3AC091E7CCE5A00EFA752 /* JavaScriptCore.framework */ = {isa = PBXFileReference; lastKnownFileType = wrapper.framework; name = JavaScriptCore.framework; path = System/Library/Frameworks/JavaScriptCore.framework; sourceTree = SDKROOT; };
		04D0DE931E94D2A2006CFE08 /* NSString+Tools.h */ = {isa = PBXFileReference; fileEncoding = 4; lastKnownFileType = sourcecode.c.h; path = "NSString+Tools.h"; sourceTree = "<group>"; };
		04D0DE941E94D2A2006CFE08 /* NSString+Tools.m */ = {isa = PBXFileReference; fileEncoding = 4; lastKnownFileType = sourcecode.c.objc; path = "NSString+Tools.m"; sourceTree = "<group>"; };
		04E857491E7931780066A054 /* UYULoginViewController.h */ = {isa = PBXFileReference; fileEncoding = 4; lastKnownFileType = sourcecode.c.h; path = UYULoginViewController.h; sourceTree = "<group>"; };
		04E8574A1E7931780066A054 /* UYULoginViewController.m */ = {isa = PBXFileReference; fileEncoding = 4; lastKnownFileType = sourcecode.c.objc; path = UYULoginViewController.m; sourceTree = "<group>"; };
		1730BF9B5C75AFD8AFB71602 /* Pods-UYUClient.release.xcconfig */ = {isa = PBXFileReference; includeInIndex = 1; lastKnownFileType = text.xcconfig; name = "Pods-UYUClient.release.xcconfig"; path = "Pods/Target Support Files/Pods-UYUClient/Pods-UYUClient.release.xcconfig"; sourceTree = "<group>"; };
		3A30C14430F141C86EB52058 /* Pods-UYUClient.debug.xcconfig */ = {isa = PBXFileReference; includeInIndex = 1; lastKnownFileType = text.xcconfig; name = "Pods-UYUClient.debug.xcconfig"; path = "Pods/Target Support Files/Pods-UYUClient/Pods-UYUClient.debug.xcconfig"; sourceTree = "<group>"; };
		E2E3841BAD54C31498604C2C /* libPods-UYUClient.a */ = {isa = PBXFileReference; explicitFileType = archive.ar; includeInIndex = 0; path = "libPods-UYUClient.a"; sourceTree = BUILT_PRODUCTS_DIR; };
/* End PBXFileReference section */

/* Begin PBXFrameworksBuildPhase section */
		0425639E1E73965100FC18C4 /* Frameworks */ = {
			isa = PBXFrameworksBuildPhase;
			buildActionMask = 2147483647;
			files = (
				04C3AC0A1E7CCE5A00EFA752 /* JavaScriptCore.framework in Frameworks */,
				E5F7BC7D8A5BBDD31D791BC8 /* libPods-UYUClient.a in Frameworks */,
			);
			runOnlyForDeploymentPostprocessing = 0;
		};
/* End PBXFrameworksBuildPhase section */

/* Begin PBXGroup section */
		040EA22B1E8E4F1500979995 /* other */ = {
			isa = PBXGroup;
			children = (
				040EA22C1E8E4F4000979995 /* UYUWebDefine.h */,
			);
			path = other;
			sourceTree = "<group>";
		};
		042563981E73965100FC18C4 = {
			isa = PBXGroup;
			children = (
				042563A31E73965100FC18C4 /* UYUClient */,
				042563A21E73965100FC18C4 /* Products */,
				E545D2FF24630306B9AE4205 /* Pods */,
				99DC6E08D2D8F2D866E2CAF2 /* Frameworks */,
			);
			sourceTree = "<group>";
		};
		042563A21E73965100FC18C4 /* Products */ = {
			isa = PBXGroup;
			children = (
				042563A11E73965100FC18C4 /* UYUClient.app */,
			);
			name = Products;
			sourceTree = "<group>";
		};
		042563A31E73965100FC18C4 /* UYUClient */ = {
			isa = PBXGroup;
			children = (
				044FFA4F1E77D47A00856635 /* AppConfig.h */,
				04C3ABE21E7B8AFC00EFA752 /* Common */,
				044FFA5B1E77D6DA00856635 /* Class */,
				042563B01E73965100FC18C4 /* Assets.xcassets */,
				042563A41E73965100FC18C4 /* Supporting Files */,
			);
			path = UYUClient;
			sourceTree = "<group>";
		};
		042563A41E73965100FC18C4 /* Supporting Files */ = {
			isa = PBXGroup;
			children = (
				042563A71E73965100FC18C4 /* AppDelegate.h */,
				042563A81E73965100FC18C4 /* AppDelegate.m */,
				042563B21E73965100FC18C4 /* LaunchScreen.storyboard */,
				042563B51E73965100FC18C4 /* Info.plist */,
				042563A51E73965100FC18C4 /* main.m */,
				04C3ABF91E7B8EE400EFA752 /* UYUPrefixHeader.pch */,
			);
			name = "Supporting Files";
			sourceTree = "<group>";
		};
		044FFA5B1E77D6DA00856635 /* Class */ = {
			isa = PBXGroup;
			children = (
				04E857401E7928F00066A054 /* Login */,
				044FFA8F1E77F57200856635 /* TabBar */,
				044FFA901E77F57200856635 /* WebVC */,
			);
			path = Class;
			sourceTree = "<group>";
		};
		044FFA8F1E77F57200856635 /* TabBar */ = {
			isa = PBXGroup;
			children = (
				044FFAB81E77F5E300856635 /* UYUTabBarController.h */,
				044FFAB91E77F5E300856635 /* UYUTabBarController.m */,
			);
			path = TabBar;
			sourceTree = "<group>";
		};
		044FFA901E77F57200856635 /* WebVC */ = {
			isa = PBXGroup;
			children = (
				040EA22B1E8E4F1500979995 /* other */,
				044FFAA21E77F57200856635 /* model */,
				044FFAA31E77F57200856635 /* vc */,
				044FFAA61E77F57200856635 /* view */,
			);
			path = WebVC;
			sourceTree = "<group>";
		};
		044FFAA21E77F57200856635 /* model */ = {
			isa = PBXGroup;
			children = (
			);
			path = model;
			sourceTree = "<group>";
		};
		044FFAA31E77F57200856635 /* vc */ = {
			isa = PBXGroup;
			children = (
				044FFAA41E77F57200856635 /* UYUWebViewController.h */,
				044FFAA51E77F57200856635 /* UYUWebViewController.m */,
			);
			path = vc;
			sourceTree = "<group>";
		};
		044FFAA61E77F57200856635 /* view */ = {
			isa = PBXGroup;
			children = (
			);
			path = view;
			sourceTree = "<group>";
		};
		04C3ABE21E7B8AFC00EFA752 /* Common */ = {
			isa = PBXGroup;
			children = (
				04D0DE921E94D27E006CFE08 /* NSKit */,
				04C3ABFA1E7BB88400EFA752 /* WebViewJavascriptBridge */,
				04C3ABE51E7B8B8B00EFA752 /* UIKit */,
				04C3ABE31E7B8AFC00EFA752 /* Macro */,
			);
			path = Common;
			sourceTree = "<group>";
		};
		04C3ABE31E7B8AFC00EFA752 /* Macro */ = {
			isa = PBXGroup;
			children = (
				04C3ABE41E7B8AFC00EFA752 /* Macro.h */,
			);
			path = Macro;
			sourceTree = "<group>";
		};
		04C3ABE51E7B8B8B00EFA752 /* UIKit */ = {
			isa = PBXGroup;
			children = (
				04C3ABF61E7B8D6000EFA752 /* UIView+YSKit.h */,
				04C3ABF71E7B8D6000EFA752 /* UIView+YSKit.m */,
				04C3ABE61E7B8B8B00EFA752 /* UYUColor.h */,
				04C3ABE71E7B8B8B00EFA752 /* UYUColor.m */,
			);
			path = UIKit;
			sourceTree = "<group>";
		};
		04C3ABFA1E7BB88400EFA752 /* WebViewJavascriptBridge */ = {
			isa = PBXGroup;
			children = (
				04C3ABFB1E7BB88400EFA752 /* WebViewJavascriptBridge.h */,
				04C3ABFC1E7BB88400EFA752 /* WebViewJavascriptBridge.m */,
				04C3ABFD1E7BB88400EFA752 /* WebViewJavascriptBridge_JS.h */,
				04C3ABFE1E7BB88400EFA752 /* WebViewJavascriptBridge_JS.m */,
				04C3ABFF1E7BB88400EFA752 /* WebViewJavascriptBridgeBase.h */,
				04C3AC001E7BB88400EFA752 /* WebViewJavascriptBridgeBase.m */,
				04C3AC011E7BB88400EFA752 /* WKWebViewJavascriptBridge.h */,
				04C3AC021E7BB88400EFA752 /* WKWebViewJavascriptBridge.m */,
			);
			path = WebViewJavascriptBridge;
			sourceTree = "<group>";
		};
		04D0DE921E94D27E006CFE08 /* NSKit */ = {
			isa = PBXGroup;
			children = (
				04D0DE931E94D2A2006CFE08 /* NSString+Tools.h */,
				04D0DE941E94D2A2006CFE08 /* NSString+Tools.m */,
			);
			path = NSKit;
			sourceTree = "<group>";
		};
		04E857401E7928F00066A054 /* Login */ = {
			isa = PBXGroup;
			children = (
				04E857491E7931780066A054 /* UYULoginViewController.h */,
				04E8574A1E7931780066A054 /* UYULoginViewController.m */,
			);
			path = Login;
			sourceTree = "<group>";
		};
		99DC6E08D2D8F2D866E2CAF2 /* Frameworks */ = {
			isa = PBXGroup;
			children = (
				04C3AC091E7CCE5A00EFA752 /* JavaScriptCore.framework */,
				E2E3841BAD54C31498604C2C /* libPods-UYUClient.a */,
			);
			name = Frameworks;
			sourceTree = "<group>";
		};
		E545D2FF24630306B9AE4205 /* Pods */ = {
			isa = PBXGroup;
			children = (
				3A30C14430F141C86EB52058 /* Pods-UYUClient.debug.xcconfig */,
				1730BF9B5C75AFD8AFB71602 /* Pods-UYUClient.release.xcconfig */,
			);
			name = Pods;
			sourceTree = "<group>";
		};
/* End PBXGroup section */

/* Begin PBXNativeTarget section */
		042563A01E73965100FC18C4 /* UYUClient */ = {
			isa = PBXNativeTarget;
			buildConfigurationList = 042563B81E73965100FC18C4 /* Build configuration list for PBXNativeTarget "UYUClient" */;
			buildPhases = (
				3A2F5F5569BC2D4F55ECFF89 /* [CP] Check Pods Manifest.lock */,
				0425639D1E73965100FC18C4 /* Sources */,
				0425639E1E73965100FC18C4 /* Frameworks */,
				0425639F1E73965100FC18C4 /* Resources */,
				0B42D05AF413DA57C46BCE12 /* [CP] Embed Pods Frameworks */,
				8A99876047B71B3E45AE71AE /* [CP] Copy Pods Resources */,
			);
			buildRules = (
			);
			dependencies = (
			);
			name = UYUClient;
			productName = UYUClient;
			productReference = 042563A11E73965100FC18C4 /* UYUClient.app */;
			productType = "com.apple.product-type.application";
		};
/* End PBXNativeTarget section */

/* Begin PBXProject section */
		042563991E73965100FC18C4 /* Project object */ = {
			isa = PBXProject;
			attributes = {
				LastUpgradeCheck = 0820;
				ORGANIZATIONNAME = cyjjkz1;
				TargetAttributes = {
					042563A01E73965100FC18C4 = {
						CreatedOnToolsVersion = 8.2.1;
						DevelopmentTeam = 25ST43EFPZ;
						ProvisioningStyle = Manual;
					};
				};
			};
			buildConfigurationList = 0425639C1E73965100FC18C4 /* Build configuration list for PBXProject "UYUClient" */;
			compatibilityVersion = "Xcode 3.2";
			developmentRegion = English;
			hasScannedForEncodings = 0;
			knownRegions = (
				en,
				Base,
			);
			mainGroup = 042563981E73965100FC18C4;
			productRefGroup = 042563A21E73965100FC18C4 /* Products */;
			projectDirPath = "";
			projectRoot = "";
			targets = (
				042563A01E73965100FC18C4 /* UYUClient */,
			);
		};
/* End PBXProject section */

/* Begin PBXResourcesBuildPhase section */
		0425639F1E73965100FC18C4 /* Resources */ = {
			isa = PBXResourcesBuildPhase;
			buildActionMask = 2147483647;
			files = (
				042563B41E73965100FC18C4 /* LaunchScreen.storyboard in Resources */,
				042563B11E73965100FC18C4 /* Assets.xcassets in Resources */,
			);
			runOnlyForDeploymentPostprocessing = 0;
		};
/* End PBXResourcesBuildPhase section */

/* Begin PBXShellScriptBuildPhase section */
		0B42D05AF413DA57C46BCE12 /* [CP] Embed Pods Frameworks */ = {
			isa = PBXShellScriptBuildPhase;
			buildActionMask = 2147483647;
			files = (
			);
			inputPaths = (
			);
			name = "[CP] Embed Pods Frameworks";
			outputPaths = (
			);
			runOnlyForDeploymentPostprocessing = 0;
			shellPath = /bin/sh;
			shellScript = "\"${SRCROOT}/Pods/Target Support Files/Pods-UYUClient/Pods-UYUClient-frameworks.sh\"\n";
			showEnvVarsInLog = 0;
		};
		3A2F5F5569BC2D4F55ECFF89 /* [CP] Check Pods Manifest.lock */ = {
			isa = PBXShellScriptBuildPhase;
			buildActionMask = 2147483647;
			files = (
			);
			inputPaths = (
			);
			name = "[CP] Check Pods Manifest.lock";
			outputPaths = (
			);
			runOnlyForDeploymentPostprocessing = 0;
			shellPath = /bin/sh;
			shellScript = "diff \"${PODS_ROOT}/../Podfile.lock\" \"${PODS_ROOT}/Manifest.lock\" > /dev/null\nif [ $? != 0 ] ; then\n    # print error to STDERR\n    echo \"error: The sandbox is not in sync with the Podfile.lock. Run 'pod install' or update your CocoaPods installation.\" >&2\n    exit 1\nfi\n";
			showEnvVarsInLog = 0;
		};
		8A99876047B71B3E45AE71AE /* [CP] Copy Pods Resources */ = {
			isa = PBXShellScriptBuildPhase;
			buildActionMask = 2147483647;
			files = (
			);
			inputPaths = (
			);
			name = "[CP] Copy Pods Resources";
			outputPaths = (
			);
			runOnlyForDeploymentPostprocessing = 0;
			shellPath = /bin/sh;
			shellScript = "\"${SRCROOT}/Pods/Target Support Files/Pods-UYUClient/Pods-UYUClient-resources.sh\"\n";
			showEnvVarsInLog = 0;
		};
/* End PBXShellScriptBuildPhase section */

/* Begin PBXSourcesBuildPhase section */
		0425639D1E73965100FC18C4 /* Sources */ = {
			isa = PBXSourcesBuildPhase;
			buildActionMask = 2147483647;
			files = (
				042563A91E73965100FC18C4 /* AppDelegate.m in Sources */,
				04C3AC031E7BB88400EFA752 /* WebViewJavascriptBridge.m in Sources */,
				044FFAB71E77F57200856635 /* UYUWebViewController.m in Sources */,
				04C3ABF81E7B8D6000EFA752 /* UIView+YSKit.m in Sources */,
				04C3AC061E7BB88400EFA752 /* WKWebViewJavascriptBridge.m in Sources */,
				04C3AC051E7BB88400EFA752 /* WebViewJavascriptBridgeBase.m in Sources */,
				04C3ABE81E7B8B8B00EFA752 /* UYUColor.m in Sources */,
				04D0DE951E94D2A2006CFE08 /* NSString+Tools.m in Sources */,
				04C3AC041E7BB88400EFA752 /* WebViewJavascriptBridge_JS.m in Sources */,
				04E8574B1E7931780066A054 /* UYULoginViewController.m in Sources */,
				042563A61E73965100FC18C4 /* main.m in Sources */,
				044FFABA1E77F5E300856635 /* UYUTabBarController.m in Sources */,
			);
			runOnlyForDeploymentPostprocessing = 0;
		};
/* End PBXSourcesBuildPhase section */

/* Begin PBXVariantGroup section */
		042563B21E73965100FC18C4 /* LaunchScreen.storyboard */ = {
			isa = PBXVariantGroup;
			children = (
				042563B31E73965100FC18C4 /* Base */,
			);
			name = LaunchScreen.storyboard;
			sourceTree = "<group>";
		};
/* End PBXVariantGroup section */

/* Begin XCBuildConfiguration section */
		042563B61E73965100FC18C4 /* Debug */ = {
			isa = XCBuildConfiguration;
			buildSettings = {
				ALWAYS_SEARCH_USER_PATHS = NO;
				CLANG_ANALYZER_NONNULL = YES;
				CLANG_CXX_LANGUAGE_STANDARD = "gnu++0x";
				CLANG_CXX_LIBRARY = "libc++";
				CLANG_ENABLE_MODULES = YES;
				CLANG_ENABLE_OBJC_ARC = YES;
				CLANG_WARN_BOOL_CONVERSION = YES;
				CLANG_WARN_CONSTANT_CONVERSION = YES;
				CLANG_WARN_DIRECT_OBJC_ISA_USAGE = YES_ERROR;
				CLANG_WARN_DOCUMENTATION_COMMENTS = YES;
				CLANG_WARN_EMPTY_BODY = YES;
				CLANG_WARN_ENUM_CONVERSION = YES;
				CLANG_WARN_INFINITE_RECURSION = YES;
				CLANG_WARN_INT_CONVERSION = YES;
				CLANG_WARN_OBJC_ROOT_CLASS = YES_ERROR;
				CLANG_WARN_SUSPICIOUS_MOVE = YES;
				CLANG_WARN_UNREACHABLE_CODE = YES;
				CLANG_WARN__DUPLICATE_METHOD_MATCH = YES;
				"CODE_SIGN_IDENTITY[sdk=iphoneos*]" = "iPhone Developer";
				COPY_PHASE_STRIP = NO;
				DEBUG_INFORMATION_FORMAT = dwarf;
				ENABLE_STRICT_OBJC_MSGSEND = YES;
				ENABLE_TESTABILITY = YES;
				GCC_C_LANGUAGE_STANDARD = gnu99;
				GCC_DYNAMIC_NO_PIC = NO;
				GCC_NO_COMMON_BLOCKS = YES;
				GCC_OPTIMIZATION_LEVEL = 0;
				GCC_PREPROCESSOR_DEFINITIONS = (
					"DEBUG=1",
					"$(inherited)",
				);
				GCC_WARN_64_TO_32_BIT_CONVERSION = YES;
				GCC_WARN_ABOUT_RETURN_TYPE = YES_ERROR;
				GCC_WARN_UNDECLARED_SELECTOR = YES;
				GCC_WARN_UNINITIALIZED_AUTOS = YES_AGGRESSIVE;
				GCC_WARN_UNUSED_FUNCTION = YES;
				GCC_WARN_UNUSED_VARIABLE = YES;
				IPHONEOS_DEPLOYMENT_TARGET = 10.2;
				MTL_ENABLE_DEBUG_INFO = YES;
				ONLY_ACTIVE_ARCH = YES;
				SDKROOT = iphoneos;
			};
			name = Debug;
		};
		042563B71E73965100FC18C4 /* Release */ = {
			isa = XCBuildConfiguration;
			buildSettings = {
				ALWAYS_SEARCH_USER_PATHS = NO;
				CLANG_ANALYZER_NONNULL = YES;
				CLANG_CXX_LANGUAGE_STANDARD = "gnu++0x";
				CLANG_CXX_LIBRARY = "libc++";
				CLANG_ENABLE_MODULES = YES;
				CLANG_ENABLE_OBJC_ARC = YES;
				CLANG_WARN_BOOL_CONVERSION = YES;
				CLANG_WARN_CONSTANT_CONVERSION = YES;
				CLANG_WARN_DIRECT_OBJC_ISA_USAGE = YES_ERROR;
				CLANG_WARN_DOCUMENTATION_COMMENTS = YES;
				CLANG_WARN_EMPTY_BODY = YES;
				CLANG_WARN_ENUM_CONVERSION = YES;
				CLANG_WARN_INFINITE_RECURSION = YES;
				CLANG_WARN_INT_CONVERSION = YES;
				CLANG_WARN_OBJC_ROOT_CLASS = YES_ERROR;
				CLANG_WARN_SUSPICIOUS_MOVE = YES;
				CLANG_WARN_UNREACHABLE_CODE = YES;
				CLANG_WARN__DUPLICATE_METHOD_MATCH = YES;
				"CODE_SIGN_IDENTITY[sdk=iphoneos*]" = "iPhone Developer";
				COPY_PHASE_STRIP = NO;
				DEBUG_INFORMATION_FORMAT = "dwarf-with-dsym";
				ENABLE_NS_ASSERTIONS = NO;
				ENABLE_STRICT_OBJC_MSGSEND = YES;
				GCC_C_LANGUAGE_STANDARD = gnu99;
				GCC_NO_COMMON_BLOCKS = YES;
				GCC_WARN_64_TO_32_BIT_CONVERSION = YES;
				GCC_WARN_ABOUT_RETURN_TYPE = YES_ERROR;
				GCC_WARN_UNDECLARED_SELECTOR = YES;
				GCC_WARN_UNINITIALIZED_AUTOS = YES_AGGRESSIVE;
				GCC_WARN_UNUSED_FUNCTION = YES;
				GCC_WARN_UNUSED_VARIABLE = YES;
				IPHONEOS_DEPLOYMENT_TARGET = 10.2;
				MTL_ENABLE_DEBUG_INFO = NO;
				SDKROOT = iphoneos;
				VALIDATE_PRODUCT = YES;
			};
			name = Release;
		};
		042563B91E73965100FC18C4 /* Debug */ = {
			isa = XCBuildConfiguration;
			baseConfigurationReference = 3A30C14430F141C86EB52058 /* Pods-UYUClient.debug.xcconfig */;
			buildSettings = {
				ASSETCATALOG_COMPILER_APPICON_NAME = AppIcon;
				CODE_SIGN_IDENTITY = "iPhone Distribution: UYU Science&Technology Co.,Ltd. (25ST43EFPZ)";
				"CODE_SIGN_IDENTITY[sdk=iphoneos*]" = "iPhone Distribution: UYU Science&Technology Co.,Ltd. (25ST43EFPZ)";
				DEVELOPMENT_TEAM = 25ST43EFPZ;
				GCC_PREFIX_HEADER = /Users/mac/Desktop/lan_uyu/UYU_iOS/UYUClient/UYUPrefixHeader.pch;
				INFOPLIST_FILE = UYUClient/Info.plist;
				IPHONEOS_DEPLOYMENT_TARGET = 8.0;
				LD_RUNPATH_SEARCH_PATHS = "$(inherited) @executable_path/Frameworks";
				PRODUCT_BUNDLE_IDENTIFIER = com.uyu.storesys;
				PRODUCT_NAME = "$(TARGET_NAME)";
				PROVISIONING_PROFILE = "8c7217c0-d8e0-4f18-9067-3b420d9ba1d2";
				PROVISIONING_PROFILE_SPECIFIER = uyuStoreSysPro;
			};
			name = Debug;
		};
		042563BA1E73965100FC18C4 /* Release */ = {
			isa = XCBuildConfiguration;
			baseConfigurationReference = 1730BF9B5C75AFD8AFB71602 /* Pods-UYUClient.release.xcconfig */;
			buildSettings = {
				ASSETCATALOG_COMPILER_APPICON_NAME = AppIcon;
				CODE_SIGN_IDENTITY = "iPhone Distribution: UYU Science&Technology Co.,Ltd. (25ST43EFPZ)";
				"CODE_SIGN_IDENTITY[sdk=iphoneos*]" = "iPhone Distribution: UYU Science&Technology Co.,Ltd. (25ST43EFPZ)";
				DEVELOPMENT_TEAM = 25ST43EFPZ;
				GCC_PREFIX_HEADER = /Users/mac/Desktop/lan_uyu/UYU_iOS/UYUClient/UYUPrefixHeader.pch;
				INFOPLIST_FILE = UYUClient/Info.plist;
				IPHONEOS_DEPLOYMENT_TARGET = 8.0;
				LD_RUNPATH_SEARCH_PATHS = "$(inherited) @executable_path/Frameworks";
				PRODUCT_BUNDLE_IDENTIFIER = com.uyu.storesys;
				PRODUCT_NAME = "$(TARGET_NAME)";
				PROVISIONING_PROFILE = "8c7217c0-d8e0-4f18-9067-3b420d9ba1d2";
				PROVISIONING_PROFILE_SPECIFIER = uyuStoreSysPro;
			};
			name = Release;
		};
/* End XCBuildConfiguration section */

/* Begin XCConfigurationList section */
		0425639C1E73965100FC18C4 /* Build configuration list for PBXProject "UYUClient" */ = {
			isa = XCConfigurationList;
			buildConfigurations = (
				042563B61E73965100FC18C4 /* Debug */,
				042563B71E73965100FC18C4 /* Release */,
			);
			defaultConfigurationIsVisible = 0;
			defaultConfigurationName = Release;
		};
		042563B81E73965100FC18C4 /* Build configuration list for PBXNativeTarget "UYUClient" */ = {
			isa = XCConfigurationList;
			buildConfigurations = (
				042563B91E73965100FC18C4 /* Debug */,
				042563BA1E73965100FC18C4 /* Release */,
			);
			defaultConfigurationIsVisible = 0;
			defaultConfigurationName = Release;
		};
/* End XCConfigurationList section */
	};
	rootObject = 042563991E73965100FC18C4 /* Project object */;
}
